
Microsoft Visual Studio Solution File, Format Version 12.00
Project("{FAE04EC0-301F-11D3-BF4B-00C04F79EFBC}") = "unobtainibleObtainible", "unobtainibleObtainible.csproj", "{F16AB0F6-8E31-4E43-83BE-F07FB7890BCD}"
EndProject
Global
	GlobalSection(SolutionConfigurationPlatforms) = preSolution
		Debug|Any CPU = Debug|Any CPU
		Release|Any CPU = Release|Any CPU
	EndGlobalSection
	GlobalSection(ProjectConfigurationPlatforms) = postSolution
		{F16AB0F6-8E31-4E43-83BE-F07FB7890BCD}.Debug|Any CPU.ActiveCfg = Debug|Any CPU
		{F16AB0F6-8E31-4E43-83BE-F07FB7890BCD}.Debug|Any CPU.Build.0 = Debug|Any CPU
		{F16AB0F6-8E31-4E43-83BE-F07FB7890BCD}.Release|Any CPU.ActiveCfg = Release|Any CPU
		{F16AB0F6-8E31-4E43-83BE-F07FB7890BCD}.Release|Any CPU.Build.0 = Release|Any CPU
	EndGlobalSection
EndGlobal
